github.com/araddon/dateparse v0.0.0-20200409225146-d820a6159ab1 h1:TEBmxO80TM04L8IuMWk77SGL1HomBmKTdzdJLLWznxI=
github.com/araddon/dateparse v0.0.0-20200409225146-d820a6159ab1/go.mod h1:SLqhdZcd+dF3TEVL2RMoob5bBP5R1P1qkox+HtCBgGI=
github.com/davecgh/go-spew v1.1.1 h1:vj9j/u1bqnvCEfJOwUhtlOARqs3+rkHYY13jYWTU97c=
github.com/go-sql-driver/mysql v1.5.0 h1:ozyZYNQW3x3HtqT1jira07DN2PArx2v7/mN66gGcHOs=
github.com/go-sql-driver/mysql v1.5.0/go.mod h1:DCzpHaOWr8IXmIStZouvnhqoel9Qv2LBy8hT2VhHyBg=
github.com/google/uuid v1.2.0 h1:qJYtXnJRWmpe7m/3XlyhrsLrEURqHRM2kxzoxXqyUDs=
github.com/google/uuid v1.2.0/go.mod h1:TIyPZe4MgqvfeYDBFedMoGGpEw/LqOeaOT+nhxU+yHo=
github.com/kr/pretty v0.2.1/go.mod h1:ipq/a2n7PKx3OHsz4KJII5eveXtPO4qwEXGdVfWzfnI=
github.com/kr/pty v1.1.1/go.mod h1:pFQYn66WHrOpPYNljwOMqo10TkYh1fy3cYio2l3bCsQ=
github.com/kr/text v0.1.0/go.mod h1:4Jbv+DJW3UT/LiOwJeYQe1efqtUx/iVham/4vfdArNI=
github.com/paperclicks/go-rabbitmq v0.0.0-20201203164225-5b2e899732b3/go.mod h1:fEf5TbNraLDvH44Kk53cVtEjcmdgf7w8V9H8+Spmq3U=
github.com/paperclicks/go-rabbitmq v0.0.0-20210129104048-cfcc41c425b9 h1:3mICfhADZgbdVMwuK6u2v+HMQClRtqHTHo4p+so4HrY=
github.com/paperclicks/go-rabbitmq v0.0.0-20210129104048-cfcc41c425b9/go.mod h1:fosXBAoQbkxvLlI1MTbCq36G//AFIQHG3Ozjua2hpkQ=
github.com/paperclicks/go-utils v0.0.0-20190307154926-3d2ea7f4428d h1:YX4Ywe4qsPPdb6eIP6Zx4PsOVsjaHKUm8fgBvF9HrrE=
github.com/paperclicks/go-utils v0.0.0-20190307154926-3d2ea7f4428d/go.mod h1:qfhm4Qpgda02I+DkENPjpu9BvZfSazQiHOJCOXpBSX8=
github.com/paperclicks/golog v0.0.0-20201231103843-f52f7b2903ad/go.mod h1:vi2x9UkTtcSDvgMdjIT1aMxoXql4x1nL82ggxSiZNNI=
github.com/paperclicks/golog v0.0.0-20210424142019-54a2f21b9d88 h1:BJpvglEl6xssJm6L3g/673q2rpvFDSey0nz1AsIadwA=
github.com/paperclicks/golog v0.0.0-20210424142019-54a2f21b9d88/go.mod h1:IWpZOomoLsW2dNH2JEOg30OjGylabOsgNRmRktzcYqE=
github.com/pmezard/go-difflib v1.0.0 h1:4DBwDE0NGyQoBHbLQYPwSUPoCMWR5BEzIk/f1lZbAQM=
github.com/satori/go.uuid v1.2.0/go.mod h1:dA0hQrYB0VpLJoorglMZABFdXlWrHn1NEOzdhQKdks0=
github.com/streadway/amqp v1.0.0 h1:kuuDrUJFZL1QYL9hUNuCxNObNzB0bV/ZG5jV3RWAQgo=
github.com/streadway/amqp v1.0.0/go.mod h1:AZpEONHx3DKn8O/DFsRAY58/XVQiIPMTMB1SddzLXVw=
github.com/stretchr/testify v1.8.4 h1:CcVxjf3Q8PM0mHUKJCdn+eZZtm5yQwehR5yeSVQQcUk=
github.com/stretchr/testify v1.8.4/go.mod h1:sz/lmYIOXD/1dqDmKjjqLyZ2RngseejIcXlSw2iwfAo=
gopkg.in/check.v1 v1.0.0-20201130134442-10cb98267c6c/go.mod h1:JHkPIbrfpd72SG/EVd6muEfDQjcINNoR0C8j2r3qZ4Q=
gopkg.in/yaml.v3 v3.0.1 h1:fxVm/GzAzEWqLHuvctI91KS9hhNmmWOoWu0XTYJS7CA=
